// !$*UTF8*$!
{
	archiveVersion = 1;
	classes = {
	};
	objectVersion = 46;
	objects = {

/* Begin PBXBuildFile section */
		F5CE39111EDF8AD300BEAC00 /* AppDelegate.swift in Sources */ = {isa = PBXBuildFile; fileRef = F5CE39101EDF8AD300BEAC00 /* AppDelegate.swift */; };
		F5CE39131EDF8AD300BEAC00 /* ViewController.swift in Sources */ = {isa = PBXBuildFile; fileRef = F5CE39121EDF8AD300BEAC00 /* ViewController.swift */; };
		F5CE39161EDF8AD300BEAC00 /* Main.storyboard in Resources */ = {isa = PBXBuildFile; fileRef = F5CE39141EDF8AD300BEAC00 /* Main.storyboard */; };
		F5CE39181EDF8AD300BEAC00 /* Assets.xcassets in Resources */ = {isa = PBXBuildFile; fileRef = F5CE39171EDF8AD300BEAC00 /* Assets.xcassets */; };
		F5CE391B1EDF8AD300BEAC00 /* LaunchScreen.storyboard in Resources */ = {isa = PBXBuildFile; fileRef = F5CE39191EDF8AD300BEAC00 /* LaunchScreen.storyboard */; };
		F5CE39261EDF8AD300BEAC00 /* iOS_Assignment04Tests.swift in Sources */ = {isa = PBXBuildFile; fileRef = F5CE39251EDF8AD300BEAC00 /* iOS_Assignment04Tests.swift */; };
		F5CE39311EDF8AD300BEAC00 /* iOS_Assignment04UITests.swift in Sources */ = {isa = PBXBuildFile; fileRef = F5CE39301EDF8AD300BEAC00 /* iOS_Assignment04UITests.swift */; };
/* End PBXBuildFile section */

/* Begin PBXContainerItemProxy section */
		F5CE39221EDF8AD300BEAC00 /* PBXContainerItemProxy */ = {
			isa = PBXContainerItemProxy;
			containerPortal = F5CE39051EDF8AD300BEAC00 /* Project object */;
			proxyType = 1;
			remoteGlobalIDString = F5CE390C1EDF8AD300BEAC00;
			remoteInfo = iOS_Assignment04;
		};
		F5CE392D1EDF8AD300BEAC00 /* PBXContainerItemProxy */ = {
			isa = PBXContainerItemProxy;
			containerPortal = F5CE39051EDF8AD300BEAC00 /* Project object */;
			proxyType = 1;
			remoteGlobalIDString = F5CE390C1EDF8AD300BEAC00;
			remoteInfo = iOS_Assignment04;
		};
/* End PBXContainerItemProxy section */

/* Begin PBXFileReference section */
		F5CE390D1EDF8AD300BEAC00 /* iOS_Assignment04.app */ = {isa = PBXFileReference; explicitFileType = wrapper.application; includeInIndex = 0; path = iOS_Assignment04.app; sourceTree = BUILT_PRODUCTS_DIR; };
		F5CE39101EDF8AD300BEAC00 /* AppDelegate.swift */ = {isa = PBXFileReference; lastKnownFileType = sourcecode.swift; path = AppDelegate.swift; sourceTree = "<group>"; };
		F5CE39121EDF8AD300BEAC00 /* ViewController.swift */ = {isa = PBXFileReference; lastKnownFileType = sourcecode.swift; path = ViewController.swift; sourceTree = "<group>"; };
		F5CE39151EDF8AD300BEAC00 /* Base */ = {isa = PBXFileReference; lastKnownFileType = file.storyboard; name = Base; path = Base.lproj/Main.storyboard; sourceTree = "<group>"; };
		F5CE39171EDF8AD300BEAC00 /* Assets.xcassets */ = {isa = PBXFileReference; lastKnownFileType = folder.assetcatalog; path = Assets.xcassets; sourceTree = "<group>"; };
		F5CE391A1EDF8AD300BEAC00 /* Base */ = {isa = PBXFileReference; lastKnownFileType = file.storyboard; name = Base; path = Base.lproj/LaunchScreen.storyboard; sourceTree = "<group>"; };
		F5CE391C1EDF8AD300BEAC00 /* Info.plist */ = {isa = PBXFileReference; lastKnownFileType = text.plist.xml; path = Info.plist; sourceTree = "<group>"; };
		F5CE39211EDF8AD300BEAC00 /* iOS_Assignment04Tests.xctest */ = {isa = PBXFileReference; explicitFileType = wrapper.cfbundle; includeInIndex = 0; path = iOS_Assignment04Tests.xctest; sourceTree = BUILT_PRODUCTS_DIR; };
		F5CE39251EDF8AD300BEAC00 /* iOS_Assignment04Tests.swift */ = {isa = PBXFileReference; lastKnownFileType = sourcecode.swift; path = iOS_Assignment04Tests.swift; sourceTree = "<group>"; };
		F5CE39271EDF8AD300BEAC00 /* Info.plist */ = {isa = PBXFileReference; lastKnownFileType = text.plist.xml; path = Info.plist; sourceTree = "<group>"; };
		F5CE392C1EDF8AD300BEAC00 /* iOS_Assignment04UITests.xctest */ = {isa = PBXFileReference; explicitFileType = wrapper.cfbundle; includeInIndex = 0; path = iOS_Assignment04UITests.xctest; sourceTree = BUILT_PRODUCTS_DIR; };
		F5CE39301EDF8AD300BEAC00 /* iOS_Assignment04UITests.swift */ = {isa = PBXFileReference; lastKnownFileType = sourcecode.swift; path = iOS_Assignment04UITests.swift; sourceTree = "<group>"; };
		F5CE39321EDF8AD300BEAC00 /* Info.plist */ = {isa = PBXFileReference; lastKnownFileType = text.plist.xml; path = Info.plist; sourceTree = "<group>"; };
/* End PBXFileReference section */

/* Begin PBXFrameworksBuildPhase section */
		F5CE390A1EDF8AD300BEAC00 /* Frameworks */ = {
			isa = PBXFrameworksBuildPhase;
			buildActionMask = 2147483647;
			files = (
			);
			runOnlyForDeploymentPostprocessing = 0;
		};
		F5CE391E1EDF8AD300BEAC00 /* Frameworks */ = {
			isa = PBXFrameworksBuildPhase;
			buildActionMask = 2147483647;
			files = (
			);
			runOnlyForDeploymentPostprocessing = 0;
		};
		F5CE39291EDF8AD300BEAC00 /* Frameworks */ = {
			isa = PBXFrameworksBuildPhase;
			buildActionMask = 2147483647;
			files = (
			);
			runOnlyForDeploymentPostprocessing = 0;
		};
/* End PBXFrameworksBuildPhase section */

/* Begin PBXGroup section */
		F5CE39041EDF8AD300BEAC00 = {
			isa = PBXGroup;
			children = (
				F5CE390F1EDF8AD300BEAC00 /* iOS_Assignment04 */,
				F5CE39241EDF8AD300BEAC00 /* iOS_Assignment04Tests */,
				F5CE392F1EDF8AD300BEAC00 /* iOS_Assignment04UITests */,
				F5CE390E1EDF8AD300BEAC00 /* Products */,
			);
			sourceTree = "<group>";
		};
		F5CE390E1EDF8AD300BEAC00 /* Products */ = {
			isa = PBXGroup;
			children = (
				F5CE390D1EDF8AD300BEAC00 /* iOS_Assignment04.app */,
				F5CE39211EDF8AD300BEAC00 /* iOS_Assignment04Tests.xctest */,
				F5CE392C1EDF8AD300BEAC00 /* iOS_Assignment04UITests.xctest */,
			);
			name = Products;
			sourceTree = "<group>";
		};
		F5CE390F1EDF8AD300BEAC00 /* iOS_Assignment04 */ = {
			isa = PBXGroup;
			children = (
				F5CE39101EDF8AD300BEAC00 /* AppDelegate.swift */,
				F5CE39121EDF8AD300BEAC00 /* ViewController.swift */,
				F5CE39141EDF8AD300BEAC00 /* Main.storyboard */,
				F5CE39171EDF8AD300BEAC00 /* Assets.xcassets */,
				F5CE39191EDF8AD300BEAC00 /* LaunchScreen.storyboard */,
				F5CE391C1EDF8AD300BEAC00 /* Info.plist */,
			);
			path = iOS_Assignment04;
			sourceTree = "<group>";
		};
		F5CE39241EDF8AD300BEAC00 /* iOS_Assignment04Tests */ = {
			isa = PBXGroup;
			children = (
				F5CE39251EDF8AD300BEAC00 /* iOS_Assignment04Tests.swift */,
				F5CE39271EDF8AD300BEAC00 /* Info.plist */,
			);
			path = iOS_Assignment04Tests;
			sourceTree = "<group>";
		};
		F5CE392F1EDF8AD300BEAC00 /* iOS_Assignment04UITests */ = {
			isa = PBXGroup;
			children = (
				F5CE39301EDF8AD300BEAC00 /* iOS_Assignment04UITests.swift */,
				F5CE39321EDF8AD300BEAC00 /* Info.plist */,
			);
			path = iOS_Assignment04UITests;
			sourceTree = "<group>";
		};
/* End PBXGroup section */

/* Begin PBXNativeTarget section */
		F5CE390C1EDF8AD300BEAC00 /* iOS_Assignment04 */ = {
			isa = PBXNativeTarget;
			buildConfigurationList = F5CE39351EDF8AD300BEAC00 /* Build configuration list for PBXNativeTarget "iOS_Assignment04" */;
			buildPhases = (
				F5CE39091EDF8AD300BEAC00 /* Sources */,
				F5CE390A1EDF8AD300BEAC00 /* Frameworks */,
				F5CE390B1EDF8AD300BEAC00 /* Resources */,
			);
			buildRules = (
			);
			dependencies = (
			);
			name = iOS_Assignment04;
			productName = iOS_Assignment04;
			productReference = F5CE390D1EDF8AD300BEAC00 /* iOS_Assignment04.app */;
			productType = "com.apple.product-type.application";
		};
		F5CE39201EDF8AD300BEAC00 /* iOS_Assignment04Tests */ = {
			isa = PBXNativeTarget;
			buildConfigurationList = F5CE39381EDF8AD300BEAC00 /* Build configuration list for PBXNativeTarget "iOS_Assignment04Tests" */;
			buildPhases = (
				F5CE391D1EDF8AD300BEAC00 /* Sources */,
				F5CE391E1EDF8AD300BEAC00 /* Frameworks */,
				F5CE391F1EDF8AD300BEAC00 /* Resources */,
			);
			buildRules = (
			);
			dependencies = (
				F5CE39231EDF8AD300BEAC00 /* PBXTargetDependency */,
			);
			name = iOS_Assignment04Tests;
			productName = iOS_Assignment04Tests;
			productReference = F5CE39211EDF8AD300BEAC00 /* iOS_Assignment04Tests.xctest */;
			productType = "com.apple.product-type.bundle.unit-test";
		};
		F5CE392B1EDF8AD300BEAC00 /* iOS_Assignment04UITests */ = {
			isa = PBXNativeTarget;
			buildConfigurationList = F5CE393B1EDF8AD300BEAC00 /* Build configuration list for PBXNativeTarget "iOS_Assignment04UITests" */;
			buildPhases = (
				F5CE39281EDF8AD300BEAC00 /* Sources */,
				F5CE39291EDF8AD300BEAC00 /* Frameworks */,
				F5CE392A1EDF8AD300BEAC00 /* Resources */,
			);
			buildRules = (
			);
			dependencies = (
				F5CE392E1EDF8AD300BEAC00 /* PBXTargetDependency */,
			);
			name = iOS_Assignment04UITests;
			productName = iOS_Assignment04UITests;
			productReference = F5CE392C1EDF8AD300BEAC00 /* iOS_Assignment04UITests.xctest */;
			productType = "com.apple.product-type.bundle.ui-testing";
		};
/* End PBXNativeTarget section */

/* Begin PBXProject section */
		F5CE39051EDF8AD300BEAC00 /* Project object */ = {
			isa = PBXProject;
			attributes = {
				LastSwiftUpdateCheck = 0830;
				LastUpgradeCheck = 0830;
				ORGANIZATIONNAME = "Hiroki Honda";
				TargetAttributes = {
					F5CE390C1EDF8AD300BEAC00 = {
						CreatedOnToolsVersion = 8.3.2;
						ProvisioningStyle = Automatic;
					};
					F5CE39201EDF8AD300BEAC00 = {
						CreatedOnToolsVersion = 8.3.2;
						ProvisioningStyle = Automatic;
						TestTargetID = F5CE390C1EDF8AD300BEAC00;
					};
					F5CE392B1EDF8AD300BEAC00 = {
						CreatedOnToolsVersion = 8.3.2;
						ProvisioningStyle = Automatic;
						TestTargetID = F5CE390C1EDF8AD300BEAC00;
					};
				};
			};
			buildConfigurationList = F5CE39081EDF8AD300BEAC00 /* Build configuration list for PBXProject "iOS_Assignment04" */;
			compatibilityVersion = "Xcode 3.2";
			developmentRegion = English;
			hasScannedForEncodings = 0;
			knownRegions = (
				en,
				Base,
			);
			mainGroup = F5CE39041EDF8AD300BEAC00;
			productRefGroup = F5CE390E1EDF8AD300BEAC00 /* Products */;
			projectDirPath = "";
			projectRoot = "";
			targets = (
				F5CE390C1EDF8AD300BEAC00 /* iOS_Assignment04 */,
				F5CE39201EDF8AD300BEAC00 /* iOS_Assignment04Tests */,
				F5CE392B1EDF8AD300BEAC00 /* iOS_Assignment04UITests */,
			);
		};
/* End PBXProject section */

/* Begin PBXResourcesBuildPhase section */
		F5CE390B1EDF8AD300BEAC00 /* Resources */ = {
			isa = PBXResourcesBuildPhase;
			buildActionMask = 2147483647;
			files = (
				F5CE391B1EDF8AD300BEAC00 /* LaunchScreen.storyboard in Resources */,
				F5CE39181EDF8AD300BEAC00 /* Assets.xcassets in Resources */,
				F5CE39161EDF8AD300BEAC00 /* Main.storyboard in Resources */,
			);
			runOnlyForDeploymentPostprocessing = 0;
		};
		F5CE391F1EDF8AD300BEAC00 /* Resources */ = {
			isa = PBXResourcesBuildPhase;
			buildActionMask = 2147483647;
			files = (
			);
			runOnlyForDeploymentPostprocessing = 0;
		};
		F5CE392A1EDF8AD300BEAC00 /* Resources */ = {
			isa = PBXResourcesBuildPhase;
			buildActionMask = 2147483647;
			files = (
			);
			runOnlyForDeploymentPostprocessing = 0;
		};
/* End PBXResourcesBuildPhase section */

/* Begin PBXSourcesBuildPhase section */
		F5CE39091EDF8AD300BEAC00 /* Sources */ = {
			isa = PBXSourcesBuildPhase;
			buildActionMask = 2147483647;
			files = (
				F5CE39131EDF8AD300BEAC00 /* ViewController.swift in Sources */,
				F5CE39111EDF8AD300BEAC00 /* AppDelegate.swift in Sources */,
			);
			runOnlyForDeploymentPostprocessing = 0;
		};
		F5CE391D1EDF8AD300BEAC00 /* Sources */ = {
			isa = PBXSourcesBuildPhase;
			buildActionMask = 2147483647;
			files = (
				F5CE39261EDF8AD300BEAC00 /* iOS_Assignment04Tests.swift in Sources */,
			);
			runOnlyForDeploymentPostprocessing = 0;
		};
		F5CE39281EDF8AD300BEAC00 /* Sources */ = {
			isa = PBXSourcesBuildPhase;
			buildActionMask = 2147483647;
			files = (
				F5CE39311EDF8AD300BEAC00 /* iOS_Assignment04UITests.swift in Sources */,
			);
			runOnlyForDeploymentPostprocessing = 0;
		};
/* End PBXSourcesBuildPhase section */

/* Begin PBXTargetDependency section */
		F5CE39231EDF8AD300BEAC00 /* PBXTargetDependency */ = {
			isa = PBXTargetDependency;
			target = F5CE390C1EDF8AD300BEAC00 /* iOS_Assignment04 */;
			targetProxy = F5CE39221EDF8AD300BEAC00 /* PBXContainerItemProxy */;
		};
		F5CE392E1EDF8AD300BEAC00 /* PBXTargetDependency */ = {
			isa = PBXTargetDependency;
			target = F5CE390C1EDF8AD300BEAC00 /* iOS_Assignment04 */;
			targetProxy = F5CE392D1EDF8AD300BEAC00 /* PBXContainerItemProxy */;
		};
/* End PBXTargetDependency section */

/* Begin PBXVariantGroup section */
		F5CE39141EDF8AD300BEAC00 /* Main.storyboard */ = {
			isa = PBXVariantGroup;
			children = (
				F5CE39151EDF8AD300BEAC00 /* Base */,
			);
			name = Main.storyboard;
			sourceTree = "<group>";
		};
		F5CE39191EDF8AD300BEAC00 /* LaunchScreen.storyboard */ = {
			isa = PBXVariantGroup;
			children = (
				F5CE391A1EDF8AD300BEAC00 /* Base */,
			);
			name = LaunchScreen.storyboard;
			sourceTree = "<group>";
		};
/* End PBXVariantGroup section */

/* Begin XCBuildConfiguration section */
		F5CE39331EDF8AD300BEAC00 /* Debug */ = {
			isa = XCBuildConfiguration;
			buildSettings = {
				ALWAYS_SEARCH_USER_PATHS = NO;
				CLANG_ANALYZER_NONNULL = YES;
				CLANG_ANALYZER_NUMBER_OBJECT_CONVERSION = YES_AGGRESSIVE;
				CLANG_CXX_LANGUAGE_STANDARD = "gnu++0x";
				CLANG_CXX_LIBRARY = "libc++";
				CLANG_ENABLE_MODULES = YES;
				CLANG_ENABLE_OBJC_ARC = YES;
				CLANG_WARN_BOOL_CONVERSION = YES;
				CLANG_WARN_CONSTANT_CONVERSION = YES;
				CLANG_WARN_DIRECT_OBJC_ISA_USAGE = YES_ERROR;
				CLANG_WARN_DOCUMENTATION_COMMENTS = YES;
				CLANG_WARN_EMPTY_BODY = YES;
				CLANG_WARN_ENUM_CONVERSION = YES;
				CLANG_WARN_INFINITE_RECURSION = YES;
				CLANG_WARN_INT_CONVERSION = YES;
				CLANG_WARN_OBJC_ROOT_CLASS = YES_ERROR;
				CLANG_WARN_SUSPICIOUS_MOVE = YES;
				CLANG_WARN_UNREACHABLE_CODE = YES;
				CLANG_WARN__DUPLICATE_METHOD_MATCH = YES;
				"CODE_SIGN_IDENTITY[sdk=iphoneos*]" = "iPhone Developer";
				COPY_PHASE_STRIP = NO;
				DEBUG_INFORMATION_FORMAT = dwarf;
				ENABLE_STRICT_OBJC_MSGSEND = YES;
				ENABLE_TESTABILITY = YES;
				GCC_C_LANGUAGE_STANDARD = gnu99;
				GCC_DYNAMIC_NO_PIC = NO;
				GCC_NO_COMMON_BLOCKS = YES;
				GCC_OPTIMIZATION_LEVEL = 0;
				GCC_PREPROCESSOR_DEFINITIONS = (
					"DEBUG=1",
					"$(inherited)",
				);
				GCC_WARN_64_TO_32_BIT_CONVERSION = YES;
				GCC_WARN_ABOUT_RETURN_TYPE = YES_ERROR;
				GCC_WARN_UNDECLARED_SELECTOR = YES;
				GCC_WARN_UNINITIALIZED_AUTOS = YES_AGGRESSIVE;
				GCC_WARN_UNUSED_FUNCTION = YES;
				GCC_WARN_UNUSED_VARIABLE = YES;
				IPHONEOS_DEPLOYMENT_TARGET = 10.3;
				MTL_ENABLE_DEBUG_INFO = YES;
				ONLY_ACTIVE_ARCH = YES;
				SDKROOT = iphoneos;
				SWIFT_ACTIVE_COMPILATION_CONDITIONS = DEBUG;
				SWIFT_OPTIMIZATION_LEVEL = "-Onone";
				TARGETED_DEVICE_FAMILY = "1,2";
			};
			name = Debug;
		};
		F5CE39341EDF8AD300BEAC00 /* Release */ = {
			isa = XCBuildConfiguration;
			buildSettings = {
				ALWAYS_SEARCH_USER_PATHS = NO;
				CLANG_ANALYZER_NONNULL = YES;
				CLANG_ANALYZER_NUMBER_OBJECT_CONVERSION = YES_AGGRESSIVE;
				CLANG_CXX_LANGUAGE_STANDARD = "gnu++0x";
				CLANG_CXX_LIBRARY = "libc++";
				CLANG_ENABLE_MODULES = YES;
				CLANG_ENABLE_OBJC_ARC = YES;
				CLANG_WARN_BOOL_CONVERSION = YES;
				CLANG_WARN_CONSTANT_CONVERSION = YES;
				CLANG_WARN_DIRECT_OBJC_ISA_USAGE = YES_ERROR;
				CLANG_WARN_DOCUMENTATION_COMMENTS = YES;
				CLANG_WARN_EMPTY_BODY = YES;
				CLANG_WARN_ENUM_CONVERSION = YES;
				CLANG_WARN_INFINITE_RECURSION = YES;
				CLANG_WARN_INT_CONVERSION = YES;
				CLANG_WARN_OBJC_ROOT_CLASS = YES_ERROR;
				CLANG_WARN_SUSPICIOUS_MOVE = YES;
				CLANG_WARN_UNREACHABLE_CODE = YES;
				CLANG_WARN__DUPLICATE_METHOD_MATCH = YES;
				"CODE_SIGN_IDENTITY[sdk=iphoneos*]" = "iPhone Developer";
				COPY_PHASE_STRIP = NO;
				DEBUG_INFORMATION_FORMAT = "dwarf-with-dsym";
				ENABLE_NS_ASSERTIONS = NO;
				ENABLE_STRICT_OBJC_MSGSEND = YES;
				GCC_C_LANGUAGE_STANDARD = gnu99;
				GCC_NO_COMMON_BLOCKS = YES;
				GCC_WARN_64_TO_32_BIT_CONVERSION = YES;
				GCC_WARN_ABOUT_RETURN_TYPE = YES_ERROR;
				GCC_WARN_UNDECLARED_SELECTOR = YES;
				GCC_WARN_UNINITIALIZED_AUTOS = YES_AGGRESSIVE;
				GCC_WARN_UNUSED_FUNCTION = YES;
				GCC_WARN_UNUSED_VARIABLE = YES;
				IPHONEOS_DEPLOYMENT_TARGET = 10.3;
				MTL_ENABLE_DEBUG_INFO = NO;
				SDKROOT = iphoneos;
				SWIFT_OPTIMIZATION_LEVEL = "-Owholemodule";
				TARGETED_DEVICE_FAMILY = "1,2";
				VALIDATE_PRODUCT = YES;
			};
			name = Release;
		};
		F5CE39361EDF8AD300BEAC00 /* Debug */ = {
			isa = XCBuildConfiguration;
			buildSettings = {
				ASSETCATALOG_COMPILER_APPICON_NAME = AppIcon;
				INFOPLIST_FILE = iOS_Assignment04/Info.plist;
				LD_RUNPATH_SEARCH_PATHS = "$(inherited) @executable_path/Frameworks";
				PRODUCT_BUNDLE_IDENTIFIER = "ciccc.groupactivity.iOS-Assignment04";
				PRODUCT_NAME = "$(TARGET_NAME)";
				SWIFT_VERSION = 3.0;
			};
			name = Debug;
		};
		F5CE39371EDF8AD300BEAC00 /* Release */ = {
			isa = XCBuildConfiguration;
			buildSettings = {
				ASSETCATALOG_COMPILER_APPICON_NAME = AppIcon;
				INFOPLIST_FILE = iOS_Assignment04/Info.plist;
				LD_RUNPATH_SEARCH_PATHS = "$(inherited) @executable_path/Frameworks";
				PRODUCT_BUNDLE_IDENTIFIER = "ciccc.groupactivity.iOS-Assignment04";
				PRODUCT_NAME = "$(TARGET_NAME)";
				SWIFT_VERSION = 3.0;
			};
			name = Release;
		};
		F5CE39391EDF8AD300BEAC00 /* Debug */ = {
			isa = XCBuildConfiguration;
			buildSettings = {
				ALWAYS_EMBED_SWIFT_STANDARD_LIBRARIES = YES;
				BUNDLE_LOADER = "$(TEST_HOST)";
				INFOPLIST_FILE = iOS_Assignment04Tests/Info.plist;
				LD_RUNPATH_SEARCH_PATHS = "$(inherited) @executable_path/Frameworks @loader_path/Frameworks";
				PRODUCT_BUNDLE_IDENTIFIER = "ciccc.groupactivity.iOS-Assignment04Tests";
				PRODUCT_NAME = "$(TARGET_NAME)";
				SWIFT_VERSION = 3.0;
				TEST_HOST = "$(BUILT_PRODUCTS_DIR)/iOS_Assignment04.app/iOS_Assignment04";
			};
			name = Debug;
		};
		F5CE393A1EDF8AD300BEAC00 /* Release */ = {
			isa = XCBuildConfiguration;
			buildSettings = {
				ALWAYS_EMBED_SWIFT_STANDARD_LIBRARIES = YES;
				BUNDLE_LOADER = "$(TEST_HOST)";
				INFOPLIST_FILE = iOS_Assignment04Tests/Info.plist;
				LD_RUNPATH_SEARCH_PATHS = "$(inherited) @executable_path/Frameworks @loader_path/Frameworks";
				PRODUCT_BUNDLE_IDENTIFIER = "ciccc.groupactivity.iOS-Assignment04Tests";
				PRODUCT_NAME = "$(TARGET_NAME)";
				SWIFT_VERSION = 3.0;
				TEST_HOST = "$(BUILT_PRODUCTS_DIR)/iOS_Assignment04.app/iOS_Assignment04";
			};
			name = Release;
		};
		F5CE393C1EDF8AD300BEAC00 /* Debug */ = {
			isa = XCBuildConfiguration;
			buildSettings = {
				ALWAYS_EMBED_SWIFT_STANDARD_LIBRARIES = YES;
				INFOPLIST_FILE = iOS_Assignment04UITests/Info.plist;
				LD_RUNPATH_SEARCH_PATHS = "$(inherited) @executable_path/Frameworks @loader_path/Frameworks";
				PRODUCT_BUNDLE_IDENTIFIER = "ciccc.groupactivity.iOS-Assignment04UITests";
				PRODUCT_NAME = "$(TARGET_NAME)";
				SWIFT_VERSION = 3.0;
				TEST_TARGET_NAME = iOS_Assignment04;
			};
			name = Debug;
		};
		F5CE393D1EDF8AD300BEAC00 /* Release */ = {
			isa = XCBuildConfiguration;
			buildSettings = {
				ALWAYS_EMBED_SWIFT_STANDARD_LIBRARIES = YES;
				INFOPLIST_FILE = iOS_Assignment04UITests/Info.plist;
				LD_RUNPATH_SEARCH_PATHS = "$(inherited) @executable_path/Frameworks @loader_path/Frameworks";
				PRODUCT_BUNDLE_IDENTIFIER = "ciccc.groupactivity.iOS-Assignment04UITests";
				PRODUCT_NAME = "$(TARGET_NAME)";
				SWIFT_VERSION = 3.0;
				TEST_TARGET_NAME = iOS_Assignment04;
			};
			name = Release;
		};
/* End XCBuildConfiguration section */

/* Begin XCConfigurationList section */
		F5CE39081EDF8AD300BEAC00 /* Build configuration list for PBXProject "iOS_Assignment04" */ = {
			isa = XCConfigurationList;
			buildConfigurations = (
				F5CE39331EDF8AD300BEAC00 /* Debug */,
				F5CE39341EDF8AD300BEAC00 /* Release */,
			);
			defaultConfigurationIsVisible = 0;
			defaultConfigurationName = Release;
		};
		F5CE39351EDF8AD300BEAC00 /* Build configuration list for PBXNativeTarget "iOS_Assignment04" */ = {
			isa = XCConfigurationList;
			buildConfigurations = (
				F5CE39361EDF8AD300BEAC00 /* Debug */,
				F5CE39371EDF8AD300BEAC00 /* Release */,
			);
			defaultConfigurationIsVisible = 0;
		};
		F5CE39381EDF8AD300BEAC00 /* Build configuration list for PBXNativeTarget "iOS_Assignment04Tests" */ = {
			isa = XCConfigurationList;
			buildConfigurations = (
				F5CE39391EDF8AD300BEAC00 /* Debug */,
				F5CE393A1EDF8AD300BEAC00 /* Release */,
			);
			defaultConfigurationIsVisible = 0;
		};
		F5CE393B1EDF8AD300BEAC00 /* Build configuration list for PBXNativeTarget "iOS_Assignment04UITests" */ = {
			isa = XCConfigurationList;
			buildConfigurations = (
				F5CE393C1EDF8AD300BEAC00 /* Debug */,
				F5CE393D1EDF8AD300BEAC00 /* Release */,
			);
			defaultConfigurationIsVisible = 0;
		};
/* End XCConfigurationList section */
	};
	rootObject = F5CE39051EDF8AD300BEAC00 /* Project object */;
}
